
Microsoft Visual Studio Solution File, Format Version 12.00
# Visual Studio Version 16
VisualStudioVersion = 16.6.30114.105
MinimumVisualStudioVersion = 10.0.40219.1
Project("{FAE04EC0-301F-11D3-BF4B-00C04F79EFBC}") = "API", "API\API.csproj", "{043095B6-4701-46FE-8BB3-BB2E5ED41768}"
EndProject
Project("{FAE04EC0-301F-11D3-BF4B-00C04F79EFBC}") = "Core", "Core\Core.csproj", "{173CF175-B211-4A7B-82ED-B1BD97B95CD2}"
EndProject
Project("{FAE04EC0-301F-11D3-BF4B-00C04F79EFBC}") = "Infrastructure", "Infrastructure\Infrastructure.csproj", "{6EFAE7C9-2D86-4600-975B-3443BA4A4300}"
EndProject
Global
	GlobalSection(SolutionConfigurationPlatforms) = preSolution
		Debug|Any CPU = Debug|Any CPU
		Debug|x64 = Debug|x64
		Debug|x86 = Debug|x86
		Release|Any CPU = Release|Any CPU
		Release|x64 = Release|x64
		Release|x86 = Release|x86
	EndGlobalSection
	GlobalSection(SolutionProperties) = preSolution
		HideSolutionNode = FALSE
	EndGlobalSection
	GlobalSection(ProjectConfigurationPlatforms) = postSolution
		{043095B6-4701-46FE-8BB3-BB2E5ED41768}.Debug|Any CPU.ActiveCfg = Debug|Any CPU
		{043095B6-4701-46FE-8BB3-BB2E5ED41768}.Debug|Any CPU.Build.0 = Debug|Any CPU
		{043095B6-4701-46FE-8BB3-BB2E5ED41768}.Debug|x64.ActiveCfg = Debug|Any CPU
		{043095B6-4701-46FE-8BB3-BB2E5ED41768}.Debug|x64.Build.0 = Debug|Any CPU
		{043095B6-4701-46FE-8BB3-BB2E5ED41768}.Debug|x86.ActiveCfg = Debug|Any CPU
		{043095B6-4701-46FE-8BB3-BB2E5ED41768}.Debug|x86.Build.0 = Debug|Any CPU
		{043095B6-4701-46FE-8BB3-BB2E5ED41768}.Release|Any CPU.ActiveCfg = Release|Any CPU
		{043095B6-4701-46FE-8BB3-BB2E5ED41768}.Release|Any CPU.Build.0 = Release|Any CPU
		{043095B6-4701-46FE-8BB3-BB2E5ED41768}.Release|x64.ActiveCfg = Release|Any CPU
		{043095B6-4701-46FE-8BB3-BB2E5ED41768}.Release|x64.Build.0 = Release|Any CPU
		{043095B6-4701-46FE-8BB3-BB2E5ED41768}.Release|x86.ActiveCfg = Release|Any CPU
		{043095B6-4701-46FE-8BB3-BB2E5ED41768}.Release|x86.Build.0 = Release|Any CPU
		{173CF175-B211-4A7B-82ED-B1BD97B95CD2}.Debug|Any CPU.ActiveCfg = Debug|Any CPU
		{173CF175-B211-4A7B-82ED-B1BD97B95CD2}.Debug|Any CPU.Build.0 = Debug|Any CPU
		{173CF175-B211-4A7B-82ED-B1BD97B95CD2}.Debug|x64.ActiveCfg = Debug|Any CPU
		{173CF175-B211-4A7B-82ED-B1BD97B95CD2}.Debug|x64.Build.0 = Debug|Any CPU
		{173CF175-B211-4A7B-82ED-B1BD97B95CD2}.Debug|x86.ActiveCfg = Debug|Any CPU
		{173CF175-B211-4A7B-82ED-B1BD97B95CD2}.Debug|x86.Build.0 = Debug|Any CPU
		{173CF175-B211-4A7B-82ED-B1BD97B95CD2}.Release|Any CPU.ActiveCfg = Release|Any CPU
		{173CF175-B211-4A7B-82ED-B1BD97B95CD2}.Release|Any CPU.Build.0 = Release|Any CPU
		{173CF175-B211-4A7B-82ED-B1BD97B95CD2}.Release|x64.ActiveCfg = Release|Any CPU
		{173CF175-B211-4A7B-82ED-B1BD97B95CD2}.Release|x64.Build.0 = Release|Any CPU
		{173CF175-B211-4A7B-82ED-B1BD97B95CD2}.Release|x86.ActiveCfg = Release|Any CPU
		{173CF175-B211-4A7B-82ED-B1BD97B95CD2}.Release|x86.Build.0 = Release|Any CPU
		{6EFAE7C9-2D86-4600-975B-3443BA4A4300}.Debug|Any CPU.ActiveCfg = Debug|Any CPU
		{6EFAE7C9-2D86-4600-975B-3443BA4A4300}.Debug|Any CPU.Build.0 = Debug|Any CPU
		{6EFAE7C9-2D86-4600-975B-3443BA4A4300}.Debug|x64.ActiveCfg = Debug|Any CPU
		{6EFAE7C9-2D86-4600-975B-3443BA4A4300}.Debug|x64.Build.0 = Debug|Any CPU
		{6EFAE7C9-2D86-4600-975B-3443BA4A4300}.Debug|x86.ActiveCfg = Debug|Any CPU
		{6EFAE7C9-2D86-4600-975B-3443BA4A4300}.Debug|x86.Build.0 = Debug|Any CPU
		{6EFAE7C9-2D86-4600-975B-3443BA4A4300}.Release|Any CPU.ActiveCfg = Release|Any CPU
		{6EFAE7C9-2D86-4600-975B-3443BA4A4300}.Release|Any CPU.Build.0 = Release|Any CPU
		{6EFAE7C9-2D86-4600-975B-3443BA4A4300}.Release|x64.ActiveCfg = Release|Any CPU
		{6EFAE7C9-2D86-4600-975B-3443BA4A4300}.Release|x64.Build.0 = Release|Any CPU
		{6EFAE7C9-2D86-4600-975B-3443BA4A4300}.Release|x86.ActiveCfg = Release|Any CPU
		{6EFAE7C9-2D86-4600-975B-3443BA4A4300}.Release|x86.Build.0 = Release|Any CPU
	EndGlobalSection
EndGlobal
